
Microsoft Visual Studio Solution File, Format Version 12.00
# Visual Studio 15
VisualStudioVersion = 15.0.28307.1082
MinimumVisualStudioVersion = 10.0.40219.1
Project("{FAE04EC0-301F-11D3-BF4B-00C04F79EFBC}") = "TesteAccessBrasil", "TesteAccessBrasil\TesteAccessBrasil.csproj", "{A3B55C4F-1ED2-41A4-9DF8-8BC0839204E3}"
EndProject
Project("{FAE04EC0-301F-11D3-BF4B-00C04F79EFBC}") = "Business", "ClassLibrary1\Business.csproj", "{A804D7E0-D300-4918-94C7-093AFB96B9D5}"
EndProject
Global
	GlobalSection(SolutionConfigurationPlatforms) = preSolution
		Debug|Any CPU = Debug|Any CPU
		Release|Any CPU = Release|Any CPU
	EndGlobalSection
	GlobalSection(ProjectConfigurationPlatforms) = postSolution
		{A3B55C4F-1ED2-41A4-9DF8-8BC0839204E3}.Debug|Any CPU.ActiveCfg = Debug|Any CPU
		{A3B55C4F-1ED2-41A4-9DF8-8BC0839204E3}.Debug|Any CPU.Build.0 = Debug|Any CPU
		{A3B55C4F-1ED2-41A4-9DF8-8BC0839204E3}.Release|Any CPU.ActiveCfg = Release|Any CPU
		{A3B55C4F-1ED2-41A4-9DF8-8BC0839204E3}.Release|Any CPU.Build.0 = Release|Any CPU
		{A804D7E0-D300-4918-94C7-093AFB96B9D5}.Debug|Any CPU.ActiveCfg = Debug|Any CPU
		{A804D7E0-D300-4918-94C7-093AFB96B9D5}.Debug|Any CPU.Build.0 = Debug|Any CPU
		{A804D7E0-D300-4918-94C7-093AFB96B9D5}.Release|Any CPU.ActiveCfg = Release|Any CPU
		{A804D7E0-D300-4918-94C7-093AFB96B9D5}.Release|Any CPU.Build.0 = Release|Any CPU
	EndGlobalSection
	GlobalSection(SolutionProperties) = preSolution
		HideSolutionNode = FALSE
	EndGlobalSection
	GlobalSection(ExtensibilityGlobals) = postSolution
		SolutionGuid = {3FCD8890-4CE2-41C0-8674-BAD83F6DFE16}
	EndGlobalSection
EndGlobal
